
Microsoft Visual Studio Solution File, Format Version 12.00
# Visual Studio Version 17
VisualStudioVersion = 17.4.33213.308
MinimumVisualStudioVersion = 10.0.40219.1
Project("{FAE04EC0-301F-11D3-BF4B-00C04F79EFBC}") = "TDD", "TDD\TDD.csproj", "{A334A9CA-E928-4885-9A87-3314066C358D}"
EndProject
Project("{FAE04EC0-301F-11D3-BF4B-00C04F79EFBC}") = "TDDTests", "TDDTests\TDDTests.csproj", "{5277EA28-1859-444C-880C-B3199CEE059F}"
EndProject
Global
	GlobalSection(SolutionConfigurationPlatforms) = preSolution
		Debug|Any CPU = Debug|Any CPU
		Release|Any CPU = Release|Any CPU
	EndGlobalSection
	GlobalSection(ProjectConfigurationPlatforms) = postSolution
		{A334A9CA-E928-4885-9A87-3314066C358D}.Debug|Any CPU.ActiveCfg = Debug|Any CPU
		{A334A9CA-E928-4885-9A87-3314066C358D}.Debug|Any CPU.Build.0 = Debug|Any CPU
		{A334A9CA-E928-4885-9A87-3314066C358D}.Release|Any CPU.ActiveCfg = Release|Any CPU
		{A334A9CA-E928-4885-9A87-3314066C358D}.Release|Any CPU.Build.0 = Release|Any CPU
		{5277EA28-1859-444C-880C-B3199CEE059F}.Debug|Any CPU.ActiveCfg = Debug|Any CPU
		{5277EA28-1859-444C-880C-B3199CEE059F}.Debug|Any CPU.Build.0 = Debug|Any CPU
		{5277EA28-1859-444C-880C-B3199CEE059F}.Release|Any CPU.ActiveCfg = Release|Any CPU
		{5277EA28-1859-444C-880C-B3199CEE059F}.Release|Any CPU.Build.0 = Release|Any CPU
	EndGlobalSection
	GlobalSection(SolutionProperties) = preSolution
		HideSolutionNode = FALSE
	EndGlobalSection
	GlobalSection(ExtensibilityGlobals) = postSolution
		SolutionGuid = {B24D0BAF-9B7D-4651-8A6A-23B19AB81452}
	EndGlobalSection
EndGlobal
